// !$*UTF8*$!
{
	archiveVersion = 1;
	classes = {
	};
	objectVersion = 46;
	objects = {

/* Begin PBXBuildFile section */
		93240D001CB779E0000CB9F6 /* BlockFunction.m in Sources */ = {isa = PBXBuildFile; fileRef = 93240CFF1CB779E0000CB9F6 /* BlockFunction.m */; settings = {ASSET_TAGS = (); }; };
		937A9A711C43525B0091D7E7 /* main.m in Sources */ = {isa = PBXBuildFile; fileRef = 937A9A701C43525B0091D7E7 /* main.m */; };
		937A9A741C43525B0091D7E7 /* AppDelegate.m in Sources */ = {isa = PBXBuildFile; fileRef = 937A9A731C43525B0091D7E7 /* AppDelegate.m */; };
		937A9A771C43525B0091D7E7 /* FirstViewController.m in Sources */ = {isa = PBXBuildFile; fileRef = 937A9A761C43525B0091D7E7 /* FirstViewController.m */; };
		937A9A7A1C43525B0091D7E7 /* SecondViewController.m in Sources */ = {isa = PBXBuildFile; fileRef = 937A9A791C43525B0091D7E7 /* SecondViewController.m */; };
		937A9A7D1C43525B0091D7E7 /* Main.storyboard in Resources */ = {isa = PBXBuildFile; fileRef = 937A9A7B1C43525B0091D7E7 /* Main.storyboard */; };
		937A9A7F1C43525B0091D7E7 /* Assets.xcassets in Resources */ = {isa = PBXBuildFile; fileRef = 937A9A7E1C43525B0091D7E7 /* Assets.xcassets */; };
		937A9A821C43525B0091D7E7 /* LaunchScreen.storyboard in Resources */ = {isa = PBXBuildFile; fileRef = 937A9A801C43525B0091D7E7 /* LaunchScreen.storyboard */; };
		937A9A8B1C4353610091D7E7 /* KInternetTime.m in Sources */ = {isa = PBXBuildFile; fileRef = 937A9A8A1C4353610091D7E7 /* KInternetTime.m */; settings = {ASSET_TAGS = (); }; };
		938BA3FF1CC651A10042E744 /* GetAddressBook.m in Sources */ = {isa = PBXBuildFile; fileRef = 938BA3FE1CC651A10042E744 /* GetAddressBook.m */; settings = {ASSET_TAGS = (); }; };
		938BA4011CC651B90042E744 /* AddressBook.framework in Frameworks */ = {isa = PBXBuildFile; fileRef = 938BA4001CC651B90042E744 /* AddressBook.framework */; };
		939F69011CC0BA18008EAEB8 /* TestDeepCopy.m in Sources */ = {isa = PBXBuildFile; fileRef = 939F69001CC0BA18008EAEB8 /* TestDeepCopy.m */; settings = {ASSET_TAGS = (); }; };
		93AB44F71CBDF1390081AD89 /* DeclaredProperty.m in Sources */ = {isa = PBXBuildFile; fileRef = 93AB44F61CBDF1380081AD89 /* DeclaredProperty.m */; settings = {ASSET_TAGS = (); }; };
		93D645B41CC76A54003FCCDF /* TestBlock.m in Sources */ = {isa = PBXBuildFile; fileRef = 93D645B31CC76A54003FCCDF /* TestBlock.m */; settings = {ASSET_TAGS = (); }; };
/* End PBXBuildFile section */

/* Begin PBXFileReference section */
		93240CFE1CB779E0000CB9F6 /* BlockFunction.h */ = {isa = PBXFileReference; fileEncoding = 4; lastKnownFileType = sourcecode.c.h; path = BlockFunction.h; sourceTree = "<group>"; };
		93240CFF1CB779E0000CB9F6 /* BlockFunction.m */ = {isa = PBXFileReference; fileEncoding = 4; lastKnownFileType = sourcecode.c.objc; path = BlockFunction.m; sourceTree = "<group>"; };
		937A9A6C1C43525B0091D7E7 /* SK-iOS-BaseFunction.app */ = {isa = PBXFileReference; explicitFileType = wrapper.application; includeInIndex = 0; path = "SK-iOS-BaseFunction.app"; sourceTree = BUILT_PRODUCTS_DIR; };
		937A9A701C43525B0091D7E7 /* main.m */ = {isa = PBXFileReference; lastKnownFileType = sourcecode.c.objc; path = main.m; sourceTree = "<group>"; };
		937A9A721C43525B0091D7E7 /* AppDelegate.h */ = {isa = PBXFileReference; lastKnownFileType = sourcecode.c.h; path = AppDelegate.h; sourceTree = "<group>"; };
		937A9A731C43525B0091D7E7 /* AppDelegate.m */ = {isa = PBXFileReference; lastKnownFileType = sourcecode.c.objc; path = AppDelegate.m; sourceTree = "<group>"; };
		937A9A751C43525B0091D7E7 /* FirstViewController.h */ = {isa = PBXFileReference; lastKnownFileType = sourcecode.c.h; path = FirstViewController.h; sourceTree = "<group>"; };
		937A9A761C43525B0091D7E7 /* FirstViewController.m */ = {isa = PBXFileReference; lastKnownFileType = sourcecode.c.objc; path = FirstViewController.m; sourceTree = "<group>"; };
		937A9A781C43525B0091D7E7 /* SecondViewController.h */ = {isa = PBXFileReference; lastKnownFileType = sourcecode.c.h; path = SecondViewController.h; sourceTree = "<group>"; };
		937A9A791C43525B0091D7E7 /* SecondViewController.m */ = {isa = PBXFileReference; lastKnownFileType = sourcecode.c.objc; path = SecondViewController.m; sourceTree = "<group>"; };
		937A9A7C1C43525B0091D7E7 /* Base */ = {isa = PBXFileReference; lastKnownFileType = file.storyboard; name = Base; path = Base.lproj/Main.storyboard; sourceTree = "<group>"; };
		937A9A7E1C43525B0091D7E7 /* Assets.xcassets */ = {isa = PBXFileReference; lastKnownFileType = folder.assetcatalog; path = Assets.xcassets; sourceTree = "<group>"; };
		937A9A811C43525B0091D7E7 /* Base */ = {isa = PBXFileReference; lastKnownFileType = file.storyboard; name = Base; path = Base.lproj/LaunchScreen.storyboard; sourceTree = "<group>"; };
		937A9A831C43525B0091D7E7 /* Info.plist */ = {isa = PBXFileReference; lastKnownFileType = text.plist.xml; path = Info.plist; sourceTree = "<group>"; };
		937A9A8A1C4353610091D7E7 /* KInternetTime.m */ = {isa = PBXFileReference; fileEncoding = 4; lastKnownFileType = sourcecode.c.objc; path = KInternetTime.m; sourceTree = "<group>"; };
		937A9A8C1C43537F0091D7E7 /* KInternetTime.h */ = {isa = PBXFileReference; fileEncoding = 4; lastKnownFileType = sourcecode.c.h; path = KInternetTime.h; sourceTree = "<group>"; };
		938BA3FD1CC651A10042E744 /* GetAddressBook.h */ = {isa = PBXFileReference; fileEncoding = 4; lastKnownFileType = sourcecode.c.h; path = GetAddressBook.h; sourceTree = "<group>"; };
		938BA3FE1CC651A10042E744 /* GetAddressBook.m */ = {isa = PBXFileReference; fileEncoding = 4; lastKnownFileType = sourcecode.c.objc; path = GetAddressBook.m; sourceTree = "<group>"; };
		938BA4001CC651B90042E744 /* AddressBook.framework */ = {isa = PBXFileReference; lastKnownFileType = wrapper.framework; name = AddressBook.framework; path = System/Library/Frameworks/AddressBook.framework; sourceTree = SDKROOT; };
		939F68FF1CC0BA18008EAEB8 /* TestDeepCopy.h */ = {isa = PBXFileReference; fileEncoding = 4; lastKnownFileType = sourcecode.c.h; path = TestDeepCopy.h; sourceTree = "<group>"; };
		939F69001CC0BA18008EAEB8 /* TestDeepCopy.m */ = {isa = PBXFileReference; fileEncoding = 4; lastKnownFileType = sourcecode.c.objc; path = TestDeepCopy.m; sourceTree = "<group>"; };
		93AB44F51CBDF1380081AD89 /* DeclaredProperty.h */ = {isa = PBXFileReference; fileEncoding = 4; lastKnownFileType = sourcecode.c.h; path = DeclaredProperty.h; sourceTree = "<group>"; };
		93AB44F61CBDF1380081AD89 /* DeclaredProperty.m */ = {isa = PBXFileReference; fileEncoding = 4; lastKnownFileType = sourcecode.c.objc; path = DeclaredProperty.m; sourceTree = "<group>"; };
		93D645B21CC76A54003FCCDF /* TestBlock.h */ = {isa = PBXFileReference; fileEncoding = 4; lastKnownFileType = sourcecode.c.h; path = TestBlock.h; sourceTree = "<group>"; };
		93D645B31CC76A54003FCCDF /* TestBlock.m */ = {isa = PBXFileReference; fileEncoding = 4; lastKnownFileType = sourcecode.c.objc; path = TestBlock.m; sourceTree = "<group>"; };
/* End PBXFileReference section */

/* Begin PBXFrameworksBuildPhase section */
		937A9A691C43525B0091D7E7 /* Frameworks */ = {
			isa = PBXFrameworksBuildPhase;
			buildActionMask = 2147483647;
			files = (
				938BA4011CC651B90042E744 /* AddressBook.framework in Frameworks */,
			);
			runOnlyForDeploymentPostprocessing = 0;
		};
/* End PBXFrameworksBuildPhase section */

/* Begin PBXGroup section */
		93240CFD1CB77995000CB9F6 /* SkillPoint */ = {
			isa = PBXGroup;
			children = (
				939F68FF1CC0BA18008EAEB8 /* TestDeepCopy.h */,
				939F69001CC0BA18008EAEB8 /* TestDeepCopy.m */,
				93240CFE1CB779E0000CB9F6 /* BlockFunction.h */,
				93240CFF1CB779E0000CB9F6 /* BlockFunction.m */,
				93AB44F51CBDF1380081AD89 /* DeclaredProperty.h */,
				93AB44F61CBDF1380081AD89 /* DeclaredProperty.m */,
				93D645B21CC76A54003FCCDF /* TestBlock.h */,
				93D645B31CC76A54003FCCDF /* TestBlock.m */,
			);
			path = SkillPoint;
			sourceTree = "<group>";
		};
		937A9A631C43525B0091D7E7 = {
			isa = PBXGroup;
			children = (
				938BA4001CC651B90042E744 /* AddressBook.framework */,
				937A9A6E1C43525B0091D7E7 /* SK-iOS-BaseFunction */,
				937A9A6D1C43525B0091D7E7 /* Products */,
			);
			sourceTree = "<group>";
		};
		937A9A6D1C43525B0091D7E7 /* Products */ = {
			isa = PBXGroup;
			children = (
				937A9A6C1C43525B0091D7E7 /* SK-iOS-BaseFunction.app */,
			);
			name = Products;
			sourceTree = "<group>";
		};
		937A9A6E1C43525B0091D7E7 /* SK-iOS-BaseFunction */ = {
			isa = PBXGroup;
			children = (
				938BA3FC1CC6516F0042E744 /* Function */,
				93240CFD1CB77995000CB9F6 /* SkillPoint */,
				937A9A891C4353230091D7E7 /* InternetTime */,
				937A9A721C43525B0091D7E7 /* AppDelegate.h */,
				937A9A731C43525B0091D7E7 /* AppDelegate.m */,
				937A9A751C43525B0091D7E7 /* FirstViewController.h */,
				937A9A761C43525B0091D7E7 /* FirstViewController.m */,
				937A9A781C43525B0091D7E7 /* SecondViewController.h */,
				937A9A791C43525B0091D7E7 /* SecondViewController.m */,
				937A9A7B1C43525B0091D7E7 /* Main.storyboard */,
				937A9A7E1C43525B0091D7E7 /* Assets.xcassets */,
				937A9A801C43525B0091D7E7 /* LaunchScreen.storyboard */,
				937A9A831C43525B0091D7E7 /* Info.plist */,
				937A9A6F1C43525B0091D7E7 /* Supporting Files */,
			);
			path = "SK-iOS-BaseFunction";
			sourceTree = "<group>";
		};
		937A9A6F1C43525B0091D7E7 /* Supporting Files */ = {
			isa = PBXGroup;
			children = (
				937A9A701C43525B0091D7E7 /* main.m */,
			);
			name = "Supporting Files";
			sourceTree = "<group>";
		};
		937A9A891C4353230091D7E7 /* InternetTime */ = {
			isa = PBXGroup;
			children = (
				937A9A8C1C43537F0091D7E7 /* KInternetTime.h */,
				937A9A8A1C4353610091D7E7 /* KInternetTime.m */,
			);
			path = InternetTime;
			sourceTree = "<group>";
		};
		938BA3FC1CC6516F0042E744 /* Function */ = {
			isa = PBXGroup;
			children = (
				938BA3FD1CC651A10042E744 /* GetAddressBook.h */,
				938BA3FE1CC651A10042E744 /* GetAddressBook.m */,
			);
			path = Function;
			sourceTree = "<group>";
		};
/* End PBXGroup section */

/* Begin PBXNativeTarget section */
		937A9A6B1C43525B0091D7E7 /* SK-iOS-BaseFunction */ = {
			isa = PBXNativeTarget;
			buildConfigurationList = 937A9A861C43525B0091D7E7 /* Build configuration list for PBXNativeTarget "SK-iOS-BaseFunction" */;
			buildPhases = (
				937A9A681C43525B0091D7E7 /* Sources */,
				937A9A691C43525B0091D7E7 /* Frameworks */,
				937A9A6A1C43525B0091D7E7 /* Resources */,
			);
			buildRules = (
			);
			dependencies = (
			);
			name = "SK-iOS-BaseFunction";
			productName = "SK-iOS-BaseFunction";
			productReference = 937A9A6C1C43525B0091D7E7 /* SK-iOS-BaseFunction.app */;
			productType = "com.apple.product-type.application";
		};
/* End PBXNativeTarget section */

/* Begin PBXProject section */
		937A9A641C43525B0091D7E7 /* Project object */ = {
			isa = PBXProject;
			attributes = {
				LastUpgradeCheck = 0700;
				ORGANIZATIONNAME = SK;
				TargetAttributes = {
					937A9A6B1C43525B0091D7E7 = {
						CreatedOnToolsVersion = 7.0.1;
					};
				};
			};
			buildConfigurationList = 937A9A671C43525B0091D7E7 /* Build configuration list for PBXProject "SK-iOS-BaseFunction" */;
			compatibilityVersion = "Xcode 3.2";
			developmentRegion = English;
			hasScannedForEncodings = 0;
			knownRegions = (
				en,
				Base,
			);
			mainGroup = 937A9A631C43525B0091D7E7;
			productRefGroup = 937A9A6D1C43525B0091D7E7 /* Products */;
			projectDirPath = "";
			projectRoot = "";
			targets = (
				937A9A6B1C43525B0091D7E7 /* SK-iOS-BaseFunction */,
			);
		};
/* End PBXProject section */

/* Begin PBXResourcesBuildPhase section */
		937A9A6A1C43525B0091D7E7 /* Resources */ = {
			isa = PBXResourcesBuildPhase;
			buildActionMask = 2147483647;
			files = (
				937A9A821C43525B0091D7E7 /* LaunchScreen.storyboard in Resources */,
				937A9A7F1C43525B0091D7E7 /* Assets.xcassets in Resources */,
				937A9A7D1C43525B0091D7E7 /* Main.storyboard in Resources */,
			);
			runOnlyForDeploymentPostprocessing = 0;
		};
/* End PBXResourcesBuildPhase section */

/* Begin PBXSourcesBuildPhase section */
		937A9A681C43525B0091D7E7 /* Sources */ = {
			isa = PBXSourcesBuildPhase;
			buildActionMask = 2147483647;
			files = (
				93AB44F71CBDF1390081AD89 /* DeclaredProperty.m in Sources */,
				937A9A7A1C43525B0091D7E7 /* SecondViewController.m in Sources */,
				939F69011CC0BA18008EAEB8 /* TestDeepCopy.m in Sources */,
				937A9A741C43525B0091D7E7 /* AppDelegate.m in Sources */,
				937A9A771C43525B0091D7E7 /* FirstViewController.m in Sources */,
				93D645B41CC76A54003FCCDF /* TestBlock.m in Sources */,
				937A9A8B1C4353610091D7E7 /* KInternetTime.m in Sources */,
				938BA3FF1CC651A10042E744 /* GetAddressBook.m in Sources */,
				937A9A711C43525B0091D7E7 /* main.m in Sources */,
				93240D001CB779E0000CB9F6 /* BlockFunction.m in Sources */,
			);
			runOnlyForDeploymentPostprocessing = 0;
		};
/* End PBXSourcesBuildPhase section */

/* Begin PBXVariantGroup section */
		937A9A7B1C43525B0091D7E7 /* Main.storyboard */ = {
			isa = PBXVariantGroup;
			children = (
				937A9A7C1C43525B0091D7E7 /* Base */,
			);
			name = Main.storyboard;
			sourceTree = "<group>";
		};
		937A9A801C43525B0091D7E7 /* LaunchScreen.storyboard */ = {
			isa = PBXVariantGroup;
			children = (
				937A9A811C43525B0091D7E7 /* Base */,
			);
			name = LaunchScreen.storyboard;
			sourceTree = "<group>";
		};
/* End PBXVariantGroup section */

/* Begin XCBuildConfiguration section */
		937A9A841C43525B0091D7E7 /* Debug */ = {
			isa = XCBuildConfiguration;
			buildSettings = {
				ALWAYS_SEARCH_USER_PATHS = NO;
				CLANG_CXX_LANGUAGE_STANDARD = "gnu++0x";
				CLANG_CXX_LIBRARY = "libc++";
				CLANG_ENABLE_MODULES = YES;
				CLANG_ENABLE_OBJC_ARC = YES;
				CLANG_WARN_BOOL_CONVERSION = YES;
				CLANG_WARN_CONSTANT_CONVERSION = YES;
				CLANG_WARN_DIRECT_OBJC_ISA_USAGE = YES_ERROR;
				CLANG_WARN_EMPTY_BODY = YES;
				CLANG_WARN_ENUM_CONVERSION = YES;
				CLANG_WARN_INT_CONVERSION = YES;
				CLANG_WARN_OBJC_ROOT_CLASS = YES_ERROR;
				CLANG_WARN_UNREACHABLE_CODE = YES;
				CLANG_WARN__DUPLICATE_METHOD_MATCH = YES;
				"CODE_SIGN_IDENTITY[sdk=iphoneos*]" = "iPhone Developer";
				COPY_PHASE_STRIP = NO;
				DEBUG_INFORMATION_FORMAT = dwarf;
				ENABLE_STRICT_OBJC_MSGSEND = YES;
				ENABLE_TESTABILITY = YES;
				GCC_C_LANGUAGE_STANDARD = gnu99;
				GCC_DYNAMIC_NO_PIC = NO;
				GCC_NO_COMMON_BLOCKS = YES;
				GCC_OPTIMIZATION_LEVEL = 0;
				GCC_PREPROCESSOR_DEFINITIONS = (
					"DEBUG=1",
					"$(inherited)",
				);
				GCC_WARN_64_TO_32_BIT_CONVERSION = YES;
				GCC_WARN_ABOUT_RETURN_TYPE = YES_ERROR;
				GCC_WARN_UNDECLARED_SELECTOR = YES;
				GCC_WARN_UNINITIALIZED_AUTOS = YES_AGGRESSIVE;
				GCC_WARN_UNUSED_FUNCTION = YES;
				GCC_WARN_UNUSED_VARIABLE = YES;
				IPHONEOS_DEPLOYMENT_TARGET = 9.0;
				MTL_ENABLE_DEBUG_INFO = YES;
				ONLY_ACTIVE_ARCH = YES;
				SDKROOT = iphoneos;
			};
			name = Debug;
		};
		937A9A851C43525B0091D7E7 /* Release */ = {
			isa = XCBuildConfiguration;
			buildSettings = {
				ALWAYS_SEARCH_USER_PATHS = NO;
				CLANG_CXX_LANGUAGE_STANDARD = "gnu++0x";
				CLANG_CXX_LIBRARY = "libc++";
				CLANG_ENABLE_MODULES = YES;
				CLANG_ENABLE_OBJC_ARC = YES;
				CLANG_WARN_BOOL_CONVERSION = YES;
				CLANG_WARN_CONSTANT_CONVERSION = YES;
				CLANG_WARN_DIRECT_OBJC_ISA_USAGE = YES_ERROR;
				CLANG_WARN_EMPTY_BODY = YES;
				CLANG_WARN_ENUM_CONVERSION = YES;
				CLANG_WARN_INT_CONVERSION = YES;
				CLANG_WARN_OBJC_ROOT_CLASS = YES_ERROR;
				CLANG_WARN_UNREACHABLE_CODE = YES;
				CLANG_WARN__DUPLICATE_METHOD_MATCH = YES;
				"CODE_SIGN_IDENTITY[sdk=iphoneos*]" = "iPhone Developer";
				COPY_PHASE_STRIP = NO;
				DEBUG_INFORMATION_FORMAT = "dwarf-with-dsym";
				ENABLE_NS_ASSERTIONS = NO;
				ENABLE_STRICT_OBJC_MSGSEND = YES;
				GCC_C_LANGUAGE_STANDARD = gnu99;
				GCC_NO_COMMON_BLOCKS = YES;
				GCC_WARN_64_TO_32_BIT_CONVERSION = YES;
				GCC_WARN_ABOUT_RETURN_TYPE = YES_ERROR;
				GCC_WARN_UNDECLARED_SELECTOR = YES;
				GCC_WARN_UNINITIALIZED_AUTOS = YES_AGGRESSIVE;
				GCC_WARN_UNUSED_FUNCTION = YES;
				GCC_WARN_UNUSED_VARIABLE = YES;
				IPHONEOS_DEPLOYMENT_TARGET = 9.0;
				MTL_ENABLE_DEBUG_INFO = NO;
				SDKROOT = iphoneos;
				VALIDATE_PRODUCT = YES;
			};
			name = Release;
		};
		937A9A871C43525B0091D7E7 /* Debug */ = {
			isa = XCBuildConfiguration;
			buildSettings = {
				ASSETCATALOG_COMPILER_APPICON_NAME = AppIcon;
				INFOPLIST_FILE = "SK-iOS-BaseFunction/Info.plist";
				IPHONEOS_DEPLOYMENT_TARGET = 8.0;
				LD_RUNPATH_SEARCH_PATHS = "$(inherited) @executable_path/Frameworks";
				PRODUCT_BUNDLE_IDENTIFIER = "sk.SK-iOS-BaseFunction";
				PRODUCT_NAME = "$(TARGET_NAME)";
			};
			name = Debug;
		};
		937A9A881C43525B0091D7E7 /* Release */ = {
			isa = XCBuildConfiguration;
			buildSettings = {
				ASSETCATALOG_COMPILER_APPICON_NAME = AppIcon;
				INFOPLIST_FILE = "SK-iOS-BaseFunction/Info.plist";
				IPHONEOS_DEPLOYMENT_TARGET = 8.0;
				LD_RUNPATH_SEARCH_PATHS = "$(inherited) @executable_path/Frameworks";
				PRODUCT_BUNDLE_IDENTIFIER = "sk.SK-iOS-BaseFunction";
				PRODUCT_NAME = "$(TARGET_NAME)";
			};
			name = Release;
		};
/* End XCBuildConfiguration section */

/* Begin XCConfigurationList section */
		937A9A671C43525B0091D7E7 /* Build configuration list for PBXProject "SK-iOS-BaseFunction" */ = {
			isa = XCConfigurationList;
			buildConfigurations = (
				937A9A841C43525B0091D7E7 /* Debug */,
				937A9A851C43525B0091D7E7 /* Release */,
			);
			defaultConfigurationIsVisible = 0;
			defaultConfigurationName = Release;
		};
		937A9A861C43525B0091D7E7 /* Build configuration list for PBXNativeTarget "SK-iOS-BaseFunction" */ = {
			isa = XCConfigurationList;
			buildConfigurations = (
				937A9A871C43525B0091D7E7 /* Debug */,
				937A9A881C43525B0091D7E7 /* Release */,
			);
			defaultConfigurationIsVisible = 0;
			defaultConfigurationName = Release;
		};
/* End XCConfigurationList section */
	};
	rootObject = 937A9A641C43525B0091D7E7 /* Project object */;
}
